
Microsoft Visual Studio Solution File, Format Version 12.00
# Visual Studio Version 17
VisualStudioVersion = 17.0.31903.59
MinimumVisualStudioVersion = 10.0.40219.1
Project("{F2A71F9B-5D33-465A-A702-920D77279786}") = "LuaEnv.Core", "LuaEnv.Core\LuaEnv.Core.fsproj", "{F2FDE138-2DDD-4638-B640-473BB893AACE}"
EndProject
Project("{F2A71F9B-5D33-465A-A702-920D77279786}") = "LuaEnv.CLI", "LuaEnv.CLI\LuaEnv.CLI.fsproj", "{D91E4E08-4CB6-4997-AFFF-45523BB2924B}"
EndProject
Project("{F2A71F9B-5D33-465A-A702-920D77279786}") = "LuaEnv.GUI", "LuaEnv.GUI\LuaEnv.GUI.fsproj", "{7A83AFD2-0E6F-40BC-8BF1-AA7F620800C9}"
EndProject
Global
	GlobalSection(SolutionConfigurationPlatforms) = preSolution
		Debug|Any CPU = Debug|Any CPU
		Debug|x64 = Debug|x64
		Debug|x86 = Debug|x86
		Release|Any CPU = Release|Any CPU
		Release|x64 = Release|x64
		Release|x86 = Release|x86
	EndGlobalSection
	GlobalSection(ProjectConfigurationPlatforms) = postSolution
		{F2FDE138-2DDD-4638-B640-473BB893AACE}.Debug|Any CPU.ActiveCfg = Debug|Any CPU
		{F2FDE138-2DDD-4638-B640-473BB893AACE}.Debug|Any CPU.Build.0 = Debug|Any CPU
		{F2FDE138-2DDD-4638-B640-473BB893AACE}.Debug|x64.ActiveCfg = Debug|Any CPU
		{F2FDE138-2DDD-4638-B640-473BB893AACE}.Debug|x64.Build.0 = Debug|Any CPU
		{F2FDE138-2DDD-4638-B640-473BB893AACE}.Debug|x86.ActiveCfg = Debug|Any CPU
		{F2FDE138-2DDD-4638-B640-473BB893AACE}.Debug|x86.Build.0 = Debug|Any CPU
		{F2FDE138-2DDD-4638-B640-473BB893AACE}.Release|Any CPU.ActiveCfg = Release|Any CPU
		{F2FDE138-2DDD-4638-B640-473BB893AACE}.Release|Any CPU.Build.0 = Release|Any CPU
		{F2FDE138-2DDD-4638-B640-473BB893AACE}.Release|x64.ActiveCfg = Release|Any CPU
		{F2FDE138-2DDD-4638-B640-473BB893AACE}.Release|x64.Build.0 = Release|Any CPU
		{F2FDE138-2DDD-4638-B640-473BB893AACE}.Release|x86.ActiveCfg = Release|Any CPU
		{F2FDE138-2DDD-4638-B640-473BB893AACE}.Release|x86.Build.0 = Release|Any CPU
		{D91E4E08-4CB6-4997-AFFF-45523BB2924B}.Debug|Any CPU.ActiveCfg = Debug|Any CPU
		{D91E4E08-4CB6-4997-AFFF-45523BB2924B}.Debug|Any CPU.Build.0 = Debug|Any CPU
		{D91E4E08-4CB6-4997-AFFF-45523BB2924B}.Debug|x64.ActiveCfg = Debug|Any CPU
		{D91E4E08-4CB6-4997-AFFF-45523BB2924B}.Debug|x64.Build.0 = Debug|Any CPU
		{D91E4E08-4CB6-4997-AFFF-45523BB2924B}.Debug|x86.ActiveCfg = Debug|Any CPU
		{D91E4E08-4CB6-4997-AFFF-45523BB2924B}.Debug|x86.Build.0 = Debug|Any CPU
		{D91E4E08-4CB6-4997-AFFF-45523BB2924B}.Release|Any CPU.ActiveCfg = Release|Any CPU
		{D91E4E08-4CB6-4997-AFFF-45523BB2924B}.Release|Any CPU.Build.0 = Release|Any CPU
		{D91E4E08-4CB6-4997-AFFF-45523BB2924B}.Release|x64.ActiveCfg = Release|Any CPU
		{D91E4E08-4CB6-4997-AFFF-45523BB2924B}.Release|x64.Build.0 = Release|Any CPU
		{D91E4E08-4CB6-4997-AFFF-45523BB2924B}.Release|x86.ActiveCfg = Release|Any CPU
		{D91E4E08-4CB6-4997-AFFF-45523BB2924B}.Release|x86.Build.0 = Release|Any CPU
		{7A83AFD2-0E6F-40BC-8BF1-AA7F620800C9}.Debug|Any CPU.ActiveCfg = Debug|Any CPU
		{7A83AFD2-0E6F-40BC-8BF1-AA7F620800C9}.Debug|Any CPU.Build.0 = Debug|Any CPU
		{7A83AFD2-0E6F-40BC-8BF1-AA7F620800C9}.Debug|x64.ActiveCfg = Debug|Any CPU
		{7A83AFD2-0E6F-40BC-8BF1-AA7F620800C9}.Debug|x64.Build.0 = Debug|Any CPU
		{7A83AFD2-0E6F-40BC-8BF1-AA7F620800C9}.Debug|x86.ActiveCfg = Debug|Any CPU
		{7A83AFD2-0E6F-40BC-8BF1-AA7F620800C9}.Debug|x86.Build.0 = Debug|Any CPU
		{7A83AFD2-0E6F-40BC-8BF1-AA7F620800C9}.Release|Any CPU.ActiveCfg = Release|Any CPU
		{7A83AFD2-0E6F-40BC-8BF1-AA7F620800C9}.Release|Any CPU.Build.0 = Release|Any CPU
		{7A83AFD2-0E6F-40BC-8BF1-AA7F620800C9}.Release|x64.ActiveCfg = Release|Any CPU
		{7A83AFD2-0E6F-40BC-8BF1-AA7F620800C9}.Release|x64.Build.0 = Release|Any CPU
		{7A83AFD2-0E6F-40BC-8BF1-AA7F620800C9}.Release|x86.ActiveCfg = Release|Any CPU
		{7A83AFD2-0E6F-40BC-8BF1-AA7F620800C9}.Release|x86.Build.0 = Release|Any CPU
	EndGlobalSection
	GlobalSection(SolutionProperties) = preSolution
		HideSolutionNode = FALSE
	EndGlobalSection
EndGlobal
